
Microsoft Visual Studio Solution File, Format Version 12.00
# Visual Studio 2013
VisualStudioVersion = 12.0.21005.1
MinimumVisualStudioVersion = 10.0.40219.1
Project("{8BC9CEB8-8B4A-11D0-8D11-00A0C91BC942}") = "01 单向链表-企业级版本", "01 单向链表-企业级版本\01 单向链表-企业级版本.vcxproj", "{FBB0BDC4-2CAC-4B6B-9153-2BC460B02AD9}"
EndProject
Project("{8BC9CEB8-8B4A-11D0-8D11-00A0C91BC942}") = "02 栈的顺序存储", "02 栈的顺序存储\02 栈的顺序存储.vcxproj", "{50A24365-93D3-425E-BC2F-7F947257F80B}"
EndProject
Project("{8BC9CEB8-8B4A-11D0-8D11-00A0C91BC942}") = "03 栈的链式存储", "03 栈的链式存储\03 栈的链式存储.vcxproj", "{58F941DF-7A56-4FAF-95AC-3106AC697A9B}"
EndProject
Project("{8BC9CEB8-8B4A-11D0-8D11-00A0C91BC942}") = "04 栈的应用-就近匹配", "04 栈的应用-就近匹配\04 栈的应用-就近匹配.vcxproj", "{3262B9E6-C2BC-42E2-927D-14AAF161B4CF}"
EndProject
Global
	GlobalSection(SolutionConfigurationPlatforms) = preSolution
		Debug|Win32 = Debug|Win32
		Release|Win32 = Release|Win32
	EndGlobalSection
	GlobalSection(ProjectConfigurationPlatforms) = postSolution
		{FBB0BDC4-2CAC-4B6B-9153-2BC460B02AD9}.Debug|Win32.ActiveCfg = Debug|Win32
		{FBB0BDC4-2CAC-4B6B-9153-2BC460B02AD9}.Debug|Win32.Build.0 = Debug|Win32
		{FBB0BDC4-2CAC-4B6B-9153-2BC460B02AD9}.Release|Win32.ActiveCfg = Release|Win32
		{FBB0BDC4-2CAC-4B6B-9153-2BC460B02AD9}.Release|Win32.Build.0 = Release|Win32
		{50A24365-93D3-425E-BC2F-7F947257F80B}.Debug|Win32.ActiveCfg = Debug|Win32
		{50A24365-93D3-425E-BC2F-7F947257F80B}.Debug|Win32.Build.0 = Debug|Win32
		{50A24365-93D3-425E-BC2F-7F947257F80B}.Release|Win32.ActiveCfg = Release|Win32
		{50A24365-93D3-425E-BC2F-7F947257F80B}.Release|Win32.Build.0 = Release|Win32
		{58F941DF-7A56-4FAF-95AC-3106AC697A9B}.Debug|Win32.ActiveCfg = Debug|Win32
		{58F941DF-7A56-4FAF-95AC-3106AC697A9B}.Debug|Win32.Build.0 = Debug|Win32
		{58F941DF-7A56-4FAF-95AC-3106AC697A9B}.Release|Win32.ActiveCfg = Release|Win32
		{58F941DF-7A56-4FAF-95AC-3106AC697A9B}.Release|Win32.Build.0 = Release|Win32
		{3262B9E6-C2BC-42E2-927D-14AAF161B4CF}.Debug|Win32.ActiveCfg = Debug|Win32
		{3262B9E6-C2BC-42E2-927D-14AAF161B4CF}.Debug|Win32.Build.0 = Debug|Win32
		{3262B9E6-C2BC-42E2-927D-14AAF161B4CF}.Release|Win32.ActiveCfg = Release|Win32
		{3262B9E6-C2BC-42E2-927D-14AAF161B4CF}.Release|Win32.Build.0 = Release|Win32
	EndGlobalSection
	GlobalSection(SolutionProperties) = preSolution
		HideSolutionNode = FALSE
	EndGlobalSection
EndGlobal
